
Microsoft Visual Studio Solution File, Format Version 12.00
# Visual Studio Version 16
VisualStudioVersion = 16.0.31424.327
MinimumVisualStudioVersion = 10.0.40219.1
Project("{8BC9CEB8-8B4A-11D0-8D11-00A0C91BC942}") = "排序", "排序\排序.vcxproj", "{CF858953-7D80-41AA-A6DA-DFE82A648FB0}"
EndProject
Global
	GlobalSection(SolutionConfigurationPlatforms) = preSolution
		Debug|x64 = Debug|x64
		Debug|x86 = Debug|x86
		Release|x64 = Release|x64
		Release|x86 = Release|x86
	EndGlobalSection
	GlobalSection(ProjectConfigurationPlatforms) = postSolution
		{CF858953-7D80-41AA-A6DA-DFE82A648FB0}.Debug|x64.ActiveCfg = Debug|x64
		{CF858953-7D80-41AA-A6DA-DFE82A648FB0}.Debug|x64.Build.0 = Debug|x64
		{CF858953-7D80-41AA-A6DA-DFE82A648FB0}.Debug|x86.ActiveCfg = Debug|Win32
		{CF858953-7D80-41AA-A6DA-DFE82A648FB0}.Debug|x86.Build.0 = Debug|Win32
		{CF858953-7D80-41AA-A6DA-DFE82A648FB0}.Release|x64.ActiveCfg = Release|x64
		{CF858953-7D80-41AA-A6DA-DFE82A648FB0}.Release|x64.Build.0 = Release|x64
		{CF858953-7D80-41AA-A6DA-DFE82A648FB0}.Release|x86.ActiveCfg = Release|Win32
		{CF858953-7D80-41AA-A6DA-DFE82A648FB0}.Release|x86.Build.0 = Release|Win32
	EndGlobalSection
	GlobalSection(SolutionProperties) = preSolution
		HideSolutionNode = FALSE
	EndGlobalSection
	GlobalSection(ExtensibilityGlobals) = postSolution
		SolutionGuid = {A8A8CD67-9C16-4486-BD57-0B72CDB4361E}
	EndGlobalSection
EndGlobal
